
Microsoft Visual Studio Solution File, Format Version 12.00
# Visual Studio Version 17
VisualStudioVersion = 17.0.31912.275
MinimumVisualStudioVersion = 10.0.40219.1
Project("{9A19103F-16F7-4668-BE54-9A1E7A4F7556}") = "DataServiceLib", "DataServiceLib\DataServiceLib.csproj", "{07DC96B8-E7E3-4327-9F77-FC04D4F55811}"
EndProject
Project("{9A19103F-16F7-4668-BE54-9A1E7A4F7556}") = "WebServiceToken", "WebServiceToken\WebServiceToken.csproj", "{CC277323-FCBB-4A67-A75E-C183909C276C}"
EndProject
Global
	GlobalSection(SolutionConfigurationPlatforms) = preSolution
		Debug|Any CPU = Debug|Any CPU
		Release|Any CPU = Release|Any CPU
	EndGlobalSection
	GlobalSection(ProjectConfigurationPlatforms) = postSolution
		{07DC96B8-E7E3-4327-9F77-FC04D4F55811}.Debug|Any CPU.ActiveCfg = Debug|Any CPU
		{07DC96B8-E7E3-4327-9F77-FC04D4F55811}.Debug|Any CPU.Build.0 = Debug|Any CPU
		{07DC96B8-E7E3-4327-9F77-FC04D4F55811}.Release|Any CPU.ActiveCfg = Release|Any CPU
		{07DC96B8-E7E3-4327-9F77-FC04D4F55811}.Release|Any CPU.Build.0 = Release|Any CPU
		{CC277323-FCBB-4A67-A75E-C183909C276C}.Debug|Any CPU.ActiveCfg = Debug|Any CPU
		{CC277323-FCBB-4A67-A75E-C183909C276C}.Debug|Any CPU.Build.0 = Debug|Any CPU
		{CC277323-FCBB-4A67-A75E-C183909C276C}.Release|Any CPU.ActiveCfg = Release|Any CPU
		{CC277323-FCBB-4A67-A75E-C183909C276C}.Release|Any CPU.Build.0 = Release|Any CPU
	EndGlobalSection
	GlobalSection(SolutionProperties) = preSolution
		HideSolutionNode = FALSE
	EndGlobalSection
	GlobalSection(ExtensibilityGlobals) = postSolution
		SolutionGuid = {75CCCB84-3E78-45C3-B2A8-B8309CF1E45B}
	EndGlobalSection
EndGlobal
